
Microsoft Visual Studio Solution File, Format Version 12.00
# Visual Studio Version 16
VisualStudioVersion = 16.0.30413.136
MinimumVisualStudioVersion = 10.0.40219.1
Project("{2150E333-8FDC-42A3-9474-1A3956D46DE8}") = "src", "src", "{94DDDC94-9573-4E94-B002-9A2921F2103D}"
EndProject
Project("{9A19103F-16F7-4668-BE54-9A1E7A4F7556}") = "MailApp", "src\MailApp\MailApp.csproj", "{B4A7B2C4-1476-46EF-B2C4-578E7FA97259}"
EndProject
Project("{2150E333-8FDC-42A3-9474-1A3956D46DE8}") = "test", "test", "{01F6CFB9-13F4-43E6-883C-936D4EF90E46}"
EndProject
Project("{9A19103F-16F7-4668-BE54-9A1E7A4F7556}") = "MailApp.Tests", "test\MailApp.Tests\MailApp.Tests.csproj", "{444D670E-88DC-4E93-A095-E4F408278BEA}"
EndProject
Project("{9A19103F-16F7-4668-BE54-9A1E7A4F7556}") = "MailApp.Domain", "src\MailApp.Domain\MailApp.Domain.csproj", "{B5D196B6-9654-4B9D-A0B4-CB0273A37A5C}"
EndProject
Project("{9A19103F-16F7-4668-BE54-9A1E7A4F7556}") = "MailApp.Infrastructure", "src\MailApp.Infrastructure\MailApp.Infrastructure.csproj", "{640C105D-CFC6-4401-99BB-F9281FCDABEC}"
EndProject
Project("{FAE04EC0-301F-11D3-BF4B-00C04F79EFBC}") = "MailApp.selenium", "MailApp.selenium\MailApp.selenium.csproj", "{103D4C44-F16D-457D-A8A8-181376C5AEA5}"
EndProject
Global
	GlobalSection(SolutionConfigurationPlatforms) = preSolution
		Debug|Any CPU = Debug|Any CPU
		Release|Any CPU = Release|Any CPU
	EndGlobalSection
	GlobalSection(ProjectConfigurationPlatforms) = postSolution
		{B4A7B2C4-1476-46EF-B2C4-578E7FA97259}.Debug|Any CPU.ActiveCfg = Debug|Any CPU
		{B4A7B2C4-1476-46EF-B2C4-578E7FA97259}.Debug|Any CPU.Build.0 = Debug|Any CPU
		{B4A7B2C4-1476-46EF-B2C4-578E7FA97259}.Release|Any CPU.ActiveCfg = Release|Any CPU
		{B4A7B2C4-1476-46EF-B2C4-578E7FA97259}.Release|Any CPU.Build.0 = Release|Any CPU
		{444D670E-88DC-4E93-A095-E4F408278BEA}.Debug|Any CPU.ActiveCfg = Debug|Any CPU
		{444D670E-88DC-4E93-A095-E4F408278BEA}.Debug|Any CPU.Build.0 = Debug|Any CPU
		{444D670E-88DC-4E93-A095-E4F408278BEA}.Release|Any CPU.ActiveCfg = Release|Any CPU
		{444D670E-88DC-4E93-A095-E4F408278BEA}.Release|Any CPU.Build.0 = Release|Any CPU
		{B5D196B6-9654-4B9D-A0B4-CB0273A37A5C}.Debug|Any CPU.ActiveCfg = Debug|Any CPU
		{B5D196B6-9654-4B9D-A0B4-CB0273A37A5C}.Debug|Any CPU.Build.0 = Debug|Any CPU
		{B5D196B6-9654-4B9D-A0B4-CB0273A37A5C}.Release|Any CPU.ActiveCfg = Release|Any CPU
		{B5D196B6-9654-4B9D-A0B4-CB0273A37A5C}.Release|Any CPU.Build.0 = Release|Any CPU
		{640C105D-CFC6-4401-99BB-F9281FCDABEC}.Debug|Any CPU.ActiveCfg = Debug|Any CPU
		{640C105D-CFC6-4401-99BB-F9281FCDABEC}.Debug|Any CPU.Build.0 = Debug|Any CPU
		{640C105D-CFC6-4401-99BB-F9281FCDABEC}.Release|Any CPU.ActiveCfg = Release|Any CPU
		{640C105D-CFC6-4401-99BB-F9281FCDABEC}.Release|Any CPU.Build.0 = Release|Any CPU
		{103D4C44-F16D-457D-A8A8-181376C5AEA5}.Debug|Any CPU.ActiveCfg = Debug|Any CPU
		{103D4C44-F16D-457D-A8A8-181376C5AEA5}.Debug|Any CPU.Build.0 = Debug|Any CPU
		{103D4C44-F16D-457D-A8A8-181376C5AEA5}.Release|Any CPU.ActiveCfg = Release|Any CPU
		{103D4C44-F16D-457D-A8A8-181376C5AEA5}.Release|Any CPU.Build.0 = Release|Any CPU
	EndGlobalSection
	GlobalSection(SolutionProperties) = preSolution
		HideSolutionNode = FALSE
	EndGlobalSection
	GlobalSection(NestedProjects) = preSolution
		{B4A7B2C4-1476-46EF-B2C4-578E7FA97259} = {94DDDC94-9573-4E94-B002-9A2921F2103D}
		{444D670E-88DC-4E93-A095-E4F408278BEA} = {01F6CFB9-13F4-43E6-883C-936D4EF90E46}
		{B5D196B6-9654-4B9D-A0B4-CB0273A37A5C} = {94DDDC94-9573-4E94-B002-9A2921F2103D}
		{640C105D-CFC6-4401-99BB-F9281FCDABEC} = {94DDDC94-9573-4E94-B002-9A2921F2103D}
		{103D4C44-F16D-457D-A8A8-181376C5AEA5} = {01F6CFB9-13F4-43E6-883C-936D4EF90E46}
	EndGlobalSection
	GlobalSection(ExtensibilityGlobals) = postSolution
		SolutionGuid = {0351F75B-576F-4A58-A47F-7A1BC147F1C2}
	EndGlobalSection
EndGlobal
