
Microsoft Visual Studio Solution File, Format Version 12.00
# Visual Studio Version 16
VisualStudioVersion = 16.0.30413.136
MinimumVisualStudioVersion = 10.0.40219.1
Project("{2150E333-8FDC-42A3-9474-1A3956D46DE8}") = "src", "src", "{94DDDC94-9573-4E94-B002-9A2921F2103D}"
EndProject
Project("{9A19103F-16F7-4668-BE54-9A1E7A4F7556}") = "MailApp", "src\MailApp\MailApp.csproj", "{B4A7B2C4-1476-46EF-B2C4-578E7FA97259}"
EndProject
Global
	GlobalSection(SolutionConfigurationPlatforms) = preSolution
		Debug|Any CPU = Debug|Any CPU
		Release|Any CPU = Release|Any CPU
	EndGlobalSection
	GlobalSection(ProjectConfigurationPlatforms) = postSolution
		{B4A7B2C4-1476-46EF-B2C4-578E7FA97259}.Debug|Any CPU.ActiveCfg = Debug|Any CPU
		{B4A7B2C4-1476-46EF-B2C4-578E7FA97259}.Debug|Any CPU.Build.0 = Debug|Any CPU
		{B4A7B2C4-1476-46EF-B2C4-578E7FA97259}.Release|Any CPU.ActiveCfg = Release|Any CPU
		{B4A7B2C4-1476-46EF-B2C4-578E7FA97259}.Release|Any CPU.Build.0 = Release|Any CPU
	EndGlobalSection
	GlobalSection(SolutionProperties) = preSolution
		HideSolutionNode = FALSE
	EndGlobalSection
	GlobalSection(NestedProjects) = preSolution
		{B4A7B2C4-1476-46EF-B2C4-578E7FA97259} = {94DDDC94-9573-4E94-B002-9A2921F2103D}
	EndGlobalSection
	GlobalSection(ExtensibilityGlobals) = postSolution
		SolutionGuid = {0351F75B-576F-4A58-A47F-7A1BC147F1C2}
	EndGlobalSection
EndGlobal
